
Microsoft Visual Studio Solution File, Format Version 12.00
# Visual Studio Version 16
VisualStudioVersion = 16.0.30204.135
MinimumVisualStudioVersion = 10.0.40219.1
Project("{FAE04EC0-301F-11D3-BF4B-00C04F79EFBC}") = "test.hctab.sh", "test.hctab.sh\test.hctab.sh.csproj", "{7EF96894-9157-48DC-BA15-B9F64CD674F7}"
EndProject
Project("{FAE04EC0-301F-11D3-BF4B-00C04F79EFBC}") = "core.hctab.sh", "core.hctab.sh\core.hctab.sh.csproj", "{40391B71-D53D-49DF-8405-33CA886B1AF1}"
EndProject
Project("{2150E333-8FDC-42A3-9474-1A3956D46DE8}") = "Solution Items", "Solution Items", "{3F118118-36B8-46D7-9384-F35C6D189D14}"
	ProjectSection(SolutionItems) = preProject
		core.hctab.sh.nuspec = core.hctab.sh.nuspec
	EndProjectSection
EndProject
Global
	GlobalSection(SolutionConfigurationPlatforms) = preSolution
		Debug|Any CPU = Debug|Any CPU
		Release|Any CPU = Release|Any CPU
	EndGlobalSection
	GlobalSection(ProjectConfigurationPlatforms) = postSolution
		{7EF96894-9157-48DC-BA15-B9F64CD674F7}.Debug|Any CPU.ActiveCfg = Debug|Any CPU
		{7EF96894-9157-48DC-BA15-B9F64CD674F7}.Debug|Any CPU.Build.0 = Debug|Any CPU
		{7EF96894-9157-48DC-BA15-B9F64CD674F7}.Release|Any CPU.ActiveCfg = Release|Any CPU
		{7EF96894-9157-48DC-BA15-B9F64CD674F7}.Release|Any CPU.Build.0 = Release|Any CPU
		{40391B71-D53D-49DF-8405-33CA886B1AF1}.Debug|Any CPU.ActiveCfg = Debug|Any CPU
		{40391B71-D53D-49DF-8405-33CA886B1AF1}.Debug|Any CPU.Build.0 = Debug|Any CPU
		{40391B71-D53D-49DF-8405-33CA886B1AF1}.Release|Any CPU.ActiveCfg = Release|Any CPU
		{40391B71-D53D-49DF-8405-33CA886B1AF1}.Release|Any CPU.Build.0 = Release|Any CPU
	EndGlobalSection
	GlobalSection(SolutionProperties) = preSolution
		HideSolutionNode = FALSE
	EndGlobalSection
	GlobalSection(ExtensibilityGlobals) = postSolution
		SolutionGuid = {9AB22EF9-EC82-470C-A1A2-3167ED58FB72}
	EndGlobalSection
EndGlobal
